// !$*UTF8*$!
{
	archiveVersion = 1;
	classes = {
	};
	objectVersion = 56;
	objects = {

/* Begin PBXBuildFile section */
		13EBF0EED62A4A4379F43DCB /* Pods_EurovisionRankingTests.framework in Frameworks */ = {isa = PBXBuildFile; fileRef = 2A3B82901CEA19247FCC8B23 /* Pods_EurovisionRankingTests.framework */; };
		296E4EA529ED5A3800B51CA3 /* EurovisionRankingApp.swift in Sources */ = {isa = PBXBuildFile; fileRef = 296E4EA429ED5A3800B51CA3 /* EurovisionRankingApp.swift */; };
		296E4EA729ED5A3800B51CA3 /* ContentView.swift in Sources */ = {isa = PBXBuildFile; fileRef = 296E4EA629ED5A3800B51CA3 /* ContentView.swift */; };
		296E4EA929ED5A3900B51CA3 /* Assets.xcassets in Resources */ = {isa = PBXBuildFile; fileRef = 296E4EA829ED5A3900B51CA3 /* Assets.xcassets */; };
		296E4EAC29ED5A3900B51CA3 /* Preview Assets.xcassets in Resources */ = {isa = PBXBuildFile; fileRef = 296E4EAB29ED5A3900B51CA3 /* Preview Assets.xcassets */; };
		296E4EB329ED680200B51CA3 /* VideoView.swift in Sources */ = {isa = PBXBuildFile; fileRef = 296E4EB229ED680200B51CA3 /* VideoView.swift */; };
		296E4EB829ED71B600B51CA3 /* SongView.swift in Sources */ = {isa = PBXBuildFile; fileRef = 296E4EB729ED71B600B51CA3 /* SongView.swift */; };
		296E4EBC29EEB0E000B51CA3 /* SummaryView.swift in Sources */ = {isa = PBXBuildFile; fileRef = 296E4EBB29EEB0E000B51CA3 /* SummaryView.swift */; };
		298BC9F02A33159900B98536 /* HeartFlagView.swift in Sources */ = {isa = PBXBuildFile; fileRef = 298BC9EF2A33159900B98536 /* HeartFlagView.swift */; };
		298BC9F22A3316FC00B98536 /* CountryView.swift in Sources */ = {isa = PBXBuildFile; fileRef = 298BC9F12A3316FC00B98536 /* CountryView.swift */; };
		298BC9FA2A331C1300B98536 /* EurovisionRankingTests.swift in Sources */ = {isa = PBXBuildFile; fileRef = 298BC9F92A331C1300B98536 /* EurovisionRankingTests.swift */; };
		298BCA072A331CB500B98536 /* CountryViewSnapshotTests.swift in Sources */ = {isa = PBXBuildFile; fileRef = 298BCA062A331CB500B98536 /* CountryViewSnapshotTests.swift */; };
		298BCA092A33661300B98536 /* HeartFlagViewSnapshotTests.swift in Sources */ = {isa = PBXBuildFile; fileRef = 298BCA082A33661300B98536 /* HeartFlagViewSnapshotTests.swift */; };
		299A91D12A6FBA4400069147 /* WidgetKit.framework in Frameworks */ = {isa = PBXBuildFile; fileRef = 299A91D02A6FBA4300069147 /* WidgetKit.framework */; };
		299A91D32A6FBA4400069147 /* SwiftUI.framework in Frameworks */ = {isa = PBXBuildFile; fileRef = 299A91D22A6FBA4400069147 /* SwiftUI.framework */; };
		299A91D62A6FBA4400069147 /* EurovisionRankingWidgetBundle.swift in Sources */ = {isa = PBXBuildFile; fileRef = 299A91D52A6FBA4400069147 /* EurovisionRankingWidgetBundle.swift */; };
		299A91D82A6FBA4400069147 /* EurovisionRankingWidget.swift in Sources */ = {isa = PBXBuildFile; fileRef = 299A91D72A6FBA4400069147 /* EurovisionRankingWidget.swift */; };
		299A91DB2A6FBA4600069147 /* Assets.xcassets in Resources */ = {isa = PBXBuildFile; fileRef = 299A91DA2A6FBA4500069147 /* Assets.xcassets */; };
		299A91DD2A6FBA4600069147 /* EurovisionRankingWidget.intentdefinition in Sources */ = {isa = PBXBuildFile; fileRef = 299A91D92A6FBA4400069147 /* EurovisionRankingWidget.intentdefinition */; };
		299A91DE2A6FBA4600069147 /* EurovisionRankingWidget.intentdefinition in Sources */ = {isa = PBXBuildFile; fileRef = 299A91D92A6FBA4400069147 /* EurovisionRankingWidget.intentdefinition */; };
		299A91E12A6FBA4600069147 /* EurovisionRankingWidgetExtension.appex in Embed Foundation Extensions */ = {isa = PBXBuildFile; fileRef = 299A91CF2A6FBA4300069147 /* EurovisionRankingWidgetExtension.appex */; settings = {ATTRIBUTES = (RemoveHeadersOnCopy, ); }; };
		299A91EE2A6FC48E00069147 /* EurovisionRankingShared.h in Headers */ = {isa = PBXBuildFile; fileRef = 299A91ED2A6FC48E00069147 /* EurovisionRankingShared.h */; settings = {ATTRIBUTES = (Public, ); }; };
		299A91F12A6FC48E00069147 /* EurovisionRankingShared.framework in Frameworks */ = {isa = PBXBuildFile; fileRef = 299A91EB2A6FC48E00069147 /* EurovisionRankingShared.framework */; };
		299A91F22A6FC48E00069147 /* EurovisionRankingShared.framework in Embed Frameworks */ = {isa = PBXBuildFile; fileRef = 299A91EB2A6FC48E00069147 /* EurovisionRankingShared.framework */; settings = {ATTRIBUTES = (CodeSignOnCopy, RemoveHeadersOnCopy, ); }; };
		299A91F72A6FC4C400069147 /* EurovisionRankingShared.framework in Frameworks */ = {isa = PBXBuildFile; fileRef = 299A91EB2A6FC48E00069147 /* EurovisionRankingShared.framework */; };
		299A91F82A6FC4C400069147 /* EurovisionRankingShared.framework in Embed Frameworks */ = {isa = PBXBuildFile; fileRef = 299A91EB2A6FC48E00069147 /* EurovisionRankingShared.framework */; settings = {ATTRIBUTES = (CodeSignOnCopy, RemoveHeadersOnCopy, ); }; };
		299A91FD2A6FC4DE00069147 /* SongModel.swift in Sources */ = {isa = PBXBuildFile; fileRef = 299A91FC2A6FC4DE00069147 /* SongModel.swift */; };
		29A02CCD2A3722A800707244 /* CardView.swift in Sources */ = {isa = PBXBuildFile; fileRef = 29A02CCC2A3722A800707244 /* CardView.swift */; };
		29A02CCF2A37381200707244 /* SongViewSnapshotTests.swift in Sources */ = {isa = PBXBuildFile; fileRef = 29A02CCE2A37381200707244 /* SongViewSnapshotTests.swift */; };
		29A02CD12A37403700707244 /* Network.swift in Sources */ = {isa = PBXBuildFile; fileRef = 29A02CD02A37403700707244 /* Network.swift */; };
		29A02CD52A38B0EB00707244 /* CardLoadingView.swift in Sources */ = {isa = PBXBuildFile; fileRef = 29A02CD42A38B0EB00707244 /* CardLoadingView.swift */; };
		29A23F882A42F80000378536 /* ViewModel.swift in Sources */ = {isa = PBXBuildFile; fileRef = 29A23F872A42F80000378536 /* ViewModel.swift */; };
		29BC3B032A45E33500568446 /* ContentLoadingView.swift in Sources */ = {isa = PBXBuildFile; fileRef = 29BC3B022A45E33500568446 /* ContentLoadingView.swift */; };
		29E7E7902A82330A00A72379 /* HeartFlagView.swift in Sources */ = {isa = PBXBuildFile; fileRef = 298BC9EF2A33159900B98536 /* HeartFlagView.swift */; };
		29F051CE2A5C611100B8F64D /* BinarySearchButSortingAlgorithm.swift in Sources */ = {isa = PBXBuildFile; fileRef = 29F051CD2A5C611100B8F64D /* BinarySearchButSortingAlgorithm.swift */; };
		B337CBCA2DBE62CEF23F1020 /* Pods_EurovisionRanking.framework in Frameworks */ = {isa = PBXBuildFile; fileRef = BB93044A7FAAB9656DE3B3A6 /* Pods_EurovisionRanking.framework */; };
/* End PBXBuildFile section */

/* Begin PBXContainerItemProxy section */
		298BC9FB2A331C1300B98536 /* PBXContainerItemProxy */ = {
			isa = PBXContainerItemProxy;
			containerPortal = 296E4E9929ED5A3800B51CA3 /* Project object */;
			proxyType = 1;
			remoteGlobalIDString = 296E4EA029ED5A3800B51CA3;
			remoteInfo = EurovisionRanking;
		};
		299A91DF2A6FBA4600069147 /* PBXContainerItemProxy */ = {
			isa = PBXContainerItemProxy;
			containerPortal = 296E4E9929ED5A3800B51CA3 /* Project object */;
			proxyType = 1;
			remoteGlobalIDString = 299A91CE2A6FBA4300069147;
			remoteInfo = EurovisionRankingWidgetExtension;
		};
		299A91EF2A6FC48E00069147 /* PBXContainerItemProxy */ = {
			isa = PBXContainerItemProxy;
			containerPortal = 296E4E9929ED5A3800B51CA3 /* Project object */;
			proxyType = 1;
			remoteGlobalIDString = 299A91EA2A6FC48E00069147;
			remoteInfo = EurovisionRankingShared;
		};
		299A91F92A6FC4C400069147 /* PBXContainerItemProxy */ = {
			isa = PBXContainerItemProxy;
			containerPortal = 296E4E9929ED5A3800B51CA3 /* Project object */;
			proxyType = 1;
			remoteGlobalIDString = 299A91EA2A6FC48E00069147;
			remoteInfo = EurovisionRankingShared;
		};
/* End PBXContainerItemProxy section */

/* Begin PBXCopyFilesBuildPhase section */
		299A91E22A6FBA4600069147 /* Embed Foundation Extensions */ = {
			isa = PBXCopyFilesBuildPhase;
			buildActionMask = 2147483647;
			dstPath = "";
			dstSubfolderSpec = 13;
			files = (
				299A91E12A6FBA4600069147 /* EurovisionRankingWidgetExtension.appex in Embed Foundation Extensions */,
			);
			name = "Embed Foundation Extensions";
			runOnlyForDeploymentPostprocessing = 0;
		};
		299A91F62A6FC48F00069147 /* Embed Frameworks */ = {
			isa = PBXCopyFilesBuildPhase;
			buildActionMask = 2147483647;
			dstPath = "";
			dstSubfolderSpec = 10;
			files = (
				299A91F22A6FC48E00069147 /* EurovisionRankingShared.framework in Embed Frameworks */,
			);
			name = "Embed Frameworks";
			runOnlyForDeploymentPostprocessing = 0;
		};
		299A91FB2A6FC4C400069147 /* Embed Frameworks */ = {
			isa = PBXCopyFilesBuildPhase;
			buildActionMask = 2147483647;
			dstPath = "";
			dstSubfolderSpec = 10;
			files = (
				299A91F82A6FC4C400069147 /* EurovisionRankingShared.framework in Embed Frameworks */,
			);
			name = "Embed Frameworks";
			runOnlyForDeploymentPostprocessing = 0;
		};
/* End PBXCopyFilesBuildPhase section */

/* Begin PBXFileReference section */
		220F9C917610341E78EBCFE5 /* Pods-EurovisionRankingTests.release.xcconfig */ = {isa = PBXFileReference; includeInIndex = 1; lastKnownFileType = text.xcconfig; name = "Pods-EurovisionRankingTests.release.xcconfig"; path = "Target Support Files/Pods-EurovisionRankingTests/Pods-EurovisionRankingTests.release.xcconfig"; sourceTree = "<group>"; };
		296E4EA129ED5A3800B51CA3 /* EurovisionRanking.app */ = {isa = PBXFileReference; explicitFileType = wrapper.application; includeInIndex = 0; path = EurovisionRanking.app; sourceTree = BUILT_PRODUCTS_DIR; };
		296E4EA429ED5A3800B51CA3 /* EurovisionRankingApp.swift */ = {isa = PBXFileReference; lastKnownFileType = sourcecode.swift; path = EurovisionRankingApp.swift; sourceTree = "<group>"; };
		296E4EA629ED5A3800B51CA3 /* ContentView.swift */ = {isa = PBXFileReference; lastKnownFileType = sourcecode.swift; path = ContentView.swift; sourceTree = "<group>"; };
		296E4EA829ED5A3900B51CA3 /* Assets.xcassets */ = {isa = PBXFileReference; lastKnownFileType = folder.assetcatalog; path = Assets.xcassets; sourceTree = "<group>"; };
		296E4EAB29ED5A3900B51CA3 /* Preview Assets.xcassets */ = {isa = PBXFileReference; lastKnownFileType = folder.assetcatalog; path = "Preview Assets.xcassets"; sourceTree = "<group>"; };
		296E4EB229ED680200B51CA3 /* VideoView.swift */ = {isa = PBXFileReference; lastKnownFileType = sourcecode.swift; path = VideoView.swift; sourceTree = "<group>"; };
		296E4EB729ED71B600B51CA3 /* SongView.swift */ = {isa = PBXFileReference; lastKnownFileType = sourcecode.swift; path = SongView.swift; sourceTree = "<group>"; };
		296E4EBB29EEB0E000B51CA3 /* SummaryView.swift */ = {isa = PBXFileReference; lastKnownFileType = sourcecode.swift; path = SummaryView.swift; sourceTree = "<group>"; };
		298BC9EF2A33159900B98536 /* HeartFlagView.swift */ = {isa = PBXFileReference; lastKnownFileType = sourcecode.swift; path = HeartFlagView.swift; sourceTree = "<group>"; };
		298BC9F12A3316FC00B98536 /* CountryView.swift */ = {isa = PBXFileReference; lastKnownFileType = sourcecode.swift; path = CountryView.swift; sourceTree = "<group>"; };
		298BC9F72A331C1300B98536 /* EurovisionRankingTests.xctest */ = {isa = PBXFileReference; explicitFileType = wrapper.cfbundle; includeInIndex = 0; path = EurovisionRankingTests.xctest; sourceTree = BUILT_PRODUCTS_DIR; };
		298BC9F92A331C1300B98536 /* EurovisionRankingTests.swift */ = {isa = PBXFileReference; lastKnownFileType = sourcecode.swift; path = EurovisionRankingTests.swift; sourceTree = "<group>"; };
		298BCA062A331CB500B98536 /* CountryViewSnapshotTests.swift */ = {isa = PBXFileReference; lastKnownFileType = sourcecode.swift; path = CountryViewSnapshotTests.swift; sourceTree = "<group>"; };
		298BCA082A33661300B98536 /* HeartFlagViewSnapshotTests.swift */ = {isa = PBXFileReference; lastKnownFileType = sourcecode.swift; path = HeartFlagViewSnapshotTests.swift; sourceTree = "<group>"; };
		299A91CF2A6FBA4300069147 /* EurovisionRankingWidgetExtension.appex */ = {isa = PBXFileReference; explicitFileType = "wrapper.app-extension"; includeInIndex = 0; path = EurovisionRankingWidgetExtension.appex; sourceTree = BUILT_PRODUCTS_DIR; };
		299A91D02A6FBA4300069147 /* WidgetKit.framework */ = {isa = PBXFileReference; lastKnownFileType = wrapper.framework; name = WidgetKit.framework; path = System/Library/Frameworks/WidgetKit.framework; sourceTree = SDKROOT; };
		299A91D22A6FBA4400069147 /* SwiftUI.framework */ = {isa = PBXFileReference; lastKnownFileType = wrapper.framework; name = SwiftUI.framework; path = System/Library/Frameworks/SwiftUI.framework; sourceTree = SDKROOT; };
		299A91D52A6FBA4400069147 /* EurovisionRankingWidgetBundle.swift */ = {isa = PBXFileReference; lastKnownFileType = sourcecode.swift; path = EurovisionRankingWidgetBundle.swift; sourceTree = "<group>"; };
		299A91D72A6FBA4400069147 /* EurovisionRankingWidget.swift */ = {isa = PBXFileReference; lastKnownFileType = sourcecode.swift; path = EurovisionRankingWidget.swift; sourceTree = "<group>"; };
		299A91D92A6FBA4400069147 /* EurovisionRankingWidget.intentdefinition */ = {isa = PBXFileReference; lastKnownFileType = file.intentdefinition; path = EurovisionRankingWidget.intentdefinition; sourceTree = "<group>"; };
		299A91DA2A6FBA4500069147 /* Assets.xcassets */ = {isa = PBXFileReference; lastKnownFileType = folder.assetcatalog; path = Assets.xcassets; sourceTree = "<group>"; };
		299A91DC2A6FBA4600069147 /* Info.plist */ = {isa = PBXFileReference; lastKnownFileType = text.plist.xml; path = Info.plist; sourceTree = "<group>"; };
		299A91EB2A6FC48E00069147 /* EurovisionRankingShared.framework */ = {isa = PBXFileReference; explicitFileType = wrapper.framework; includeInIndex = 0; path = EurovisionRankingShared.framework; sourceTree = BUILT_PRODUCTS_DIR; };
		299A91ED2A6FC48E00069147 /* EurovisionRankingShared.h */ = {isa = PBXFileReference; lastKnownFileType = sourcecode.c.h; path = EurovisionRankingShared.h; sourceTree = "<group>"; };
		299A91FC2A6FC4DE00069147 /* SongModel.swift */ = {isa = PBXFileReference; lastKnownFileType = sourcecode.swift; path = SongModel.swift; sourceTree = "<group>"; };
		29A02CCC2A3722A800707244 /* CardView.swift */ = {isa = PBXFileReference; lastKnownFileType = sourcecode.swift; path = CardView.swift; sourceTree = "<group>"; };
		29A02CCE2A37381200707244 /* SongViewSnapshotTests.swift */ = {isa = PBXFileReference; lastKnownFileType = sourcecode.swift; path = SongViewSnapshotTests.swift; sourceTree = "<group>"; };
		29A02CD02A37403700707244 /* Network.swift */ = {isa = PBXFileReference; lastKnownFileType = sourcecode.swift; path = Network.swift; sourceTree = "<group>"; };
		29A02CD42A38B0EB00707244 /* CardLoadingView.swift */ = {isa = PBXFileReference; lastKnownFileType = sourcecode.swift; path = CardLoadingView.swift; sourceTree = "<group>"; };
		29A23F872A42F80000378536 /* ViewModel.swift */ = {isa = PBXFileReference; lastKnownFileType = sourcecode.swift; path = ViewModel.swift; sourceTree = "<group>"; };
		29BC3B022A45E33500568446 /* ContentLoadingView.swift */ = {isa = PBXFileReference; lastKnownFileType = sourcecode.swift; path = ContentLoadingView.swift; sourceTree = "<group>"; };
		29E7E7912A8236A400A72379 /* EurovisionRankingWidgetExtension.entitlements */ = {isa = PBXFileReference; lastKnownFileType = text.plist.entitlements; path = EurovisionRankingWidgetExtension.entitlements; sourceTree = "<group>"; };
		29F051CD2A5C611100B8F64D /* BinarySearchButSortingAlgorithm.swift */ = {isa = PBXFileReference; lastKnownFileType = sourcecode.swift; path = BinarySearchButSortingAlgorithm.swift; sourceTree = "<group>"; };
		2A3B82901CEA19247FCC8B23 /* Pods_EurovisionRankingTests.framework */ = {isa = PBXFileReference; explicitFileType = wrapper.framework; includeInIndex = 0; path = Pods_EurovisionRankingTests.framework; sourceTree = BUILT_PRODUCTS_DIR; };
		515597BC19C6BDC2D96EF1DC /* Pods-EurovisionRankingTests.debug.xcconfig */ = {isa = PBXFileReference; includeInIndex = 1; lastKnownFileType = text.xcconfig; name = "Pods-EurovisionRankingTests.debug.xcconfig"; path = "Target Support Files/Pods-EurovisionRankingTests/Pods-EurovisionRankingTests.debug.xcconfig"; sourceTree = "<group>"; };
		756EDBC94853F6E7351F5479 /* Pods-EurovisionRanking.release.xcconfig */ = {isa = PBXFileReference; includeInIndex = 1; lastKnownFileType = text.xcconfig; name = "Pods-EurovisionRanking.release.xcconfig"; path = "Target Support Files/Pods-EurovisionRanking/Pods-EurovisionRanking.release.xcconfig"; sourceTree = "<group>"; };
		BB93044A7FAAB9656DE3B3A6 /* Pods_EurovisionRanking.framework */ = {isa = PBXFileReference; explicitFileType = wrapper.framework; includeInIndex = 0; path = Pods_EurovisionRanking.framework; sourceTree = BUILT_PRODUCTS_DIR; };
		F2EA1E4E1205FF7CD98A0574 /* Pods-EurovisionRanking.debug.xcconfig */ = {isa = PBXFileReference; includeInIndex = 1; lastKnownFileType = text.xcconfig; name = "Pods-EurovisionRanking.debug.xcconfig"; path = "Target Support Files/Pods-EurovisionRanking/Pods-EurovisionRanking.debug.xcconfig"; sourceTree = "<group>"; };
/* End PBXFileReference section */

/* Begin PBXFrameworksBuildPhase section */
		296E4E9E29ED5A3800B51CA3 /* Frameworks */ = {
			isa = PBXFrameworksBuildPhase;
			buildActionMask = 2147483647;
			files = (
				B337CBCA2DBE62CEF23F1020 /* Pods_EurovisionRanking.framework in Frameworks */,
				299A91F12A6FC48E00069147 /* EurovisionRankingShared.framework in Frameworks */,
			);
			runOnlyForDeploymentPostprocessing = 0;
		};
		298BC9F42A331C1300B98536 /* Frameworks */ = {
			isa = PBXFrameworksBuildPhase;
			buildActionMask = 2147483647;
			files = (
				13EBF0EED62A4A4379F43DCB /* Pods_EurovisionRankingTests.framework in Frameworks */,
			);
			runOnlyForDeploymentPostprocessing = 0;
		};
		299A91CC2A6FBA4300069147 /* Frameworks */ = {
			isa = PBXFrameworksBuildPhase;
			buildActionMask = 2147483647;
			files = (
				299A91D32A6FBA4400069147 /* SwiftUI.framework in Frameworks */,
				299A91D12A6FBA4400069147 /* WidgetKit.framework in Frameworks */,
				299A91F72A6FC4C400069147 /* EurovisionRankingShared.framework in Frameworks */,
			);
			runOnlyForDeploymentPostprocessing = 0;
		};
		299A91E82A6FC48E00069147 /* Frameworks */ = {
			isa = PBXFrameworksBuildPhase;
			buildActionMask = 2147483647;
			files = (
			);
			runOnlyForDeploymentPostprocessing = 0;
		};
/* End PBXFrameworksBuildPhase section */

/* Begin PBXGroup section */
		2403CC105C7F2CC14D5984D1 /* Pods */ = {
			isa = PBXGroup;
			children = (
				F2EA1E4E1205FF7CD98A0574 /* Pods-EurovisionRanking.debug.xcconfig */,
				756EDBC94853F6E7351F5479 /* Pods-EurovisionRanking.release.xcconfig */,
				515597BC19C6BDC2D96EF1DC /* Pods-EurovisionRankingTests.debug.xcconfig */,
				220F9C917610341E78EBCFE5 /* Pods-EurovisionRankingTests.release.xcconfig */,
			);
			path = Pods;
			sourceTree = "<group>";
		};
		296E4E9829ED5A3800B51CA3 = {
			isa = PBXGroup;
			children = (
				29E7E7912A8236A400A72379 /* EurovisionRankingWidgetExtension.entitlements */,
				296E4EA329ED5A3800B51CA3 /* EurovisionRanking */,
				298BC9F82A331C1300B98536 /* EurovisionRankingTests */,
				299A91D42A6FBA4400069147 /* EurovisionRankingWidget */,
				299A91EC2A6FC48E00069147 /* EurovisionRankingShared */,
				296E4EA229ED5A3800B51CA3 /* Products */,
				2403CC105C7F2CC14D5984D1 /* Pods */,
				FE74D0110FB58FD52F2FA686 /* Frameworks */,
			);
			sourceTree = "<group>";
		};
		296E4EA229ED5A3800B51CA3 /* Products */ = {
			isa = PBXGroup;
			children = (
				296E4EA129ED5A3800B51CA3 /* EurovisionRanking.app */,
				298BC9F72A331C1300B98536 /* EurovisionRankingTests.xctest */,
				299A91CF2A6FBA4300069147 /* EurovisionRankingWidgetExtension.appex */,
				299A91EB2A6FC48E00069147 /* EurovisionRankingShared.framework */,
			);
			name = Products;
			sourceTree = "<group>";
		};
		296E4EA329ED5A3800B51CA3 /* EurovisionRanking */ = {
			isa = PBXGroup;
			children = (
				79EE5EB82A4A819800194ED3 /* Screens */,
				298BC9EE2A33157000B98536 /* Views */,
				296E4EA429ED5A3800B51CA3 /* EurovisionRankingApp.swift */,
				296E4EA629ED5A3800B51CA3 /* ContentView.swift */,
				29F051CD2A5C611100B8F64D /* BinarySearchButSortingAlgorithm.swift */,
				29A23F872A42F80000378536 /* ViewModel.swift */,
				296E4EA829ED5A3900B51CA3 /* Assets.xcassets */,
				29A02CD02A37403700707244 /* Network.swift */,
				296E4EAA29ED5A3900B51CA3 /* Preview Content */,
			);
			path = EurovisionRanking;
			sourceTree = "<group>";
		};
		296E4EAA29ED5A3900B51CA3 /* Preview Content */ = {
			isa = PBXGroup;
			children = (
				296E4EAB29ED5A3900B51CA3 /* Preview Assets.xcassets */,
			);
			path = "Preview Content";
			sourceTree = "<group>";
		};
		298BC9EE2A33157000B98536 /* Views */ = {
			isa = PBXGroup;
			children = (
				29BC3B022A45E33500568446 /* ContentLoadingView.swift */,
				298BC9F12A3316FC00B98536 /* CountryView.swift */,
				296E4EB229ED680200B51CA3 /* VideoView.swift */,
				296E4EB729ED71B600B51CA3 /* SongView.swift */,
				29A02CD42A38B0EB00707244 /* CardLoadingView.swift */,
				29A02CCC2A3722A800707244 /* CardView.swift */,
				298BC9EF2A33159900B98536 /* HeartFlagView.swift */,
			);
			path = Views;
			sourceTree = "<group>";
		};
		298BC9F82A331C1300B98536 /* EurovisionRankingTests */ = {
			isa = PBXGroup;
			children = (
				298BC9F92A331C1300B98536 /* EurovisionRankingTests.swift */,
				298BCA062A331CB500B98536 /* CountryViewSnapshotTests.swift */,
				29A02CCE2A37381200707244 /* SongViewSnapshotTests.swift */,
				298BCA082A33661300B98536 /* HeartFlagViewSnapshotTests.swift */,
			);
			path = EurovisionRankingTests;
			sourceTree = "<group>";
		};
		299A91D42A6FBA4400069147 /* EurovisionRankingWidget */ = {
			isa = PBXGroup;
			children = (
				299A91D52A6FBA4400069147 /* EurovisionRankingWidgetBundle.swift */,
				299A91D72A6FBA4400069147 /* EurovisionRankingWidget.swift */,
				299A91D92A6FBA4400069147 /* EurovisionRankingWidget.intentdefinition */,
				299A91DA2A6FBA4500069147 /* Assets.xcassets */,
				299A91DC2A6FBA4600069147 /* Info.plist */,
			);
			path = EurovisionRankingWidget;
			sourceTree = "<group>";
		};
		299A91EC2A6FC48E00069147 /* EurovisionRankingShared */ = {
			isa = PBXGroup;
			children = (
				299A91ED2A6FC48E00069147 /* EurovisionRankingShared.h */,
				299A91FC2A6FC4DE00069147 /* SongModel.swift */,
			);
			path = EurovisionRankingShared;
			sourceTree = "<group>";
		};
		79EE5EB82A4A819800194ED3 /* Screens */ = {
			isa = PBXGroup;
			children = (
				296E4EBB29EEB0E000B51CA3 /* SummaryView.swift */,
			);
			path = Screens;
			sourceTree = "<group>";
		};
		FE74D0110FB58FD52F2FA686 /* Frameworks */ = {
			isa = PBXGroup;
			children = (
				BB93044A7FAAB9656DE3B3A6 /* Pods_EurovisionRanking.framework */,
				2A3B82901CEA19247FCC8B23 /* Pods_EurovisionRankingTests.framework */,
				299A91D02A6FBA4300069147 /* WidgetKit.framework */,
				299A91D22A6FBA4400069147 /* SwiftUI.framework */,
			);
			name = Frameworks;
			sourceTree = "<group>";
		};
/* End PBXGroup section */

/* Begin PBXHeadersBuildPhase section */
		299A91E62A6FC48E00069147 /* Headers */ = {
			isa = PBXHeadersBuildPhase;
			buildActionMask = 2147483647;
			files = (
				299A91EE2A6FC48E00069147 /* EurovisionRankingShared.h in Headers */,
			);
			runOnlyForDeploymentPostprocessing = 0;
		};
/* End PBXHeadersBuildPhase section */

/* Begin PBXNativeTarget section */
		296E4EA029ED5A3800B51CA3 /* EurovisionRanking */ = {
			isa = PBXNativeTarget;
			buildConfigurationList = 296E4EAF29ED5A3900B51CA3 /* Build configuration list for PBXNativeTarget "EurovisionRanking" */;
			buildPhases = (
				3B7C3DEDC7556E5941C54636 /* [CP] Check Pods Manifest.lock */,
				296E4E9D29ED5A3800B51CA3 /* Sources */,
				296E4E9E29ED5A3800B51CA3 /* Frameworks */,
				296E4E9F29ED5A3800B51CA3 /* Resources */,
				2CDBFEA524B573D77B5866A9 /* [CP] Embed Pods Frameworks */,
				299A91E22A6FBA4600069147 /* Embed Foundation Extensions */,
				299A91F62A6FC48F00069147 /* Embed Frameworks */,
			);
			buildRules = (
			);
			dependencies = (
				299A91E02A6FBA4600069147 /* PBXTargetDependency */,
				299A91F02A6FC48E00069147 /* PBXTargetDependency */,
			);
			name = EurovisionRanking;
			productName = EurovisionRanking;
			productReference = 296E4EA129ED5A3800B51CA3 /* EurovisionRanking.app */;
			productType = "com.apple.product-type.application";
		};
		298BC9F62A331C1300B98536 /* EurovisionRankingTests */ = {
			isa = PBXNativeTarget;
			buildConfigurationList = 298BC9FD2A331C1300B98536 /* Build configuration list for PBXNativeTarget "EurovisionRankingTests" */;
			buildPhases = (
				6B5E3C913D34DA56628034CD /* [CP] Check Pods Manifest.lock */,
				298BC9F32A331C1300B98536 /* Sources */,
				298BC9F42A331C1300B98536 /* Frameworks */,
				298BC9F52A331C1300B98536 /* Resources */,
				8E4A5E5A49DB28716BD60374 /* [CP] Embed Pods Frameworks */,
			);
			buildRules = (
			);
			dependencies = (
				298BC9FC2A331C1300B98536 /* PBXTargetDependency */,
			);
			name = EurovisionRankingTests;
			productName = EurovisionRankingTests;
			productReference = 298BC9F72A331C1300B98536 /* EurovisionRankingTests.xctest */;
			productType = "com.apple.product-type.bundle.unit-test";
		};
		299A91CE2A6FBA4300069147 /* EurovisionRankingWidgetExtension */ = {
			isa = PBXNativeTarget;
			buildConfigurationList = 299A91E52A6FBA4600069147 /* Build configuration list for PBXNativeTarget "EurovisionRankingWidgetExtension" */;
			buildPhases = (
				299A91CB2A6FBA4300069147 /* Sources */,
				299A91CC2A6FBA4300069147 /* Frameworks */,
				299A91CD2A6FBA4300069147 /* Resources */,
				299A91FB2A6FC4C400069147 /* Embed Frameworks */,
			);
			buildRules = (
			);
			dependencies = (
				299A91FA2A6FC4C400069147 /* PBXTargetDependency */,
			);
			name = EurovisionRankingWidgetExtension;
			productName = EurovisionRankingWidgetExtension;
			productReference = 299A91CF2A6FBA4300069147 /* EurovisionRankingWidgetExtension.appex */;
			productType = "com.apple.product-type.app-extension";
		};
		299A91EA2A6FC48E00069147 /* EurovisionRankingShared */ = {
			isa = PBXNativeTarget;
			buildConfigurationList = 299A91F32A6FC48F00069147 /* Build configuration list for PBXNativeTarget "EurovisionRankingShared" */;
			buildPhases = (
				299A91E62A6FC48E00069147 /* Headers */,
				299A91E72A6FC48E00069147 /* Sources */,
				299A91E82A6FC48E00069147 /* Frameworks */,
				299A91E92A6FC48E00069147 /* Resources */,
			);
			buildRules = (
			);
			dependencies = (
			);
			name = EurovisionRankingShared;
			productName = EurovisionRankingShared;
			productReference = 299A91EB2A6FC48E00069147 /* EurovisionRankingShared.framework */;
			productType = "com.apple.product-type.framework";
		};
/* End PBXNativeTarget section */

/* Begin PBXProject section */
		296E4E9929ED5A3800B51CA3 /* Project object */ = {
			isa = PBXProject;
			attributes = {
				BuildIndependentTargetsInParallel = 1;
				LastSwiftUpdateCheck = 1420;
				LastUpgradeCheck = 1420;
				TargetAttributes = {
					296E4EA029ED5A3800B51CA3 = {
						CreatedOnToolsVersion = 14.2;
					};
					298BC9F62A331C1300B98536 = {
						CreatedOnToolsVersion = 14.2;
						TestTargetID = 296E4EA029ED5A3800B51CA3;
					};
					299A91CE2A6FBA4300069147 = {
						CreatedOnToolsVersion = 14.2;
					};
					299A91EA2A6FC48E00069147 = {
						CreatedOnToolsVersion = 14.2;
						LastSwiftMigration = 1420;
					};
				};
			};
			buildConfigurationList = 296E4E9C29ED5A3800B51CA3 /* Build configuration list for PBXProject "EurovisionRanking" */;
			compatibilityVersion = "Xcode 14.0";
			developmentRegion = en;
			hasScannedForEncodings = 0;
			knownRegions = (
				en,
				Base,
			);
			mainGroup = 296E4E9829ED5A3800B51CA3;
			productRefGroup = 296E4EA229ED5A3800B51CA3 /* Products */;
			projectDirPath = "";
			projectRoot = "";
			targets = (
				296E4EA029ED5A3800B51CA3 /* EurovisionRanking */,
				298BC9F62A331C1300B98536 /* EurovisionRankingTests */,
				299A91CE2A6FBA4300069147 /* EurovisionRankingWidgetExtension */,
				299A91EA2A6FC48E00069147 /* EurovisionRankingShared */,
			);
		};
/* End PBXProject section */

/* Begin PBXResourcesBuildPhase section */
		296E4E9F29ED5A3800B51CA3 /* Resources */ = {
			isa = PBXResourcesBuildPhase;
			buildActionMask = 2147483647;
			files = (
				296E4EAC29ED5A3900B51CA3 /* Preview Assets.xcassets in Resources */,
				296E4EA929ED5A3900B51CA3 /* Assets.xcassets in Resources */,
			);
			runOnlyForDeploymentPostprocessing = 0;
		};
		298BC9F52A331C1300B98536 /* Resources */ = {
			isa = PBXResourcesBuildPhase;
			buildActionMask = 2147483647;
			files = (
			);
			runOnlyForDeploymentPostprocessing = 0;
		};
		299A91CD2A6FBA4300069147 /* Resources */ = {
			isa = PBXResourcesBuildPhase;
			buildActionMask = 2147483647;
			files = (
				299A91DB2A6FBA4600069147 /* Assets.xcassets in Resources */,
			);
			runOnlyForDeploymentPostprocessing = 0;
		};
		299A91E92A6FC48E00069147 /* Resources */ = {
			isa = PBXResourcesBuildPhase;
			buildActionMask = 2147483647;
			files = (
			);
			runOnlyForDeploymentPostprocessing = 0;
		};
/* End PBXResourcesBuildPhase section */

/* Begin PBXShellScriptBuildPhase section */
		2CDBFEA524B573D77B5866A9 /* [CP] Embed Pods Frameworks */ = {
			isa = PBXShellScriptBuildPhase;
			buildActionMask = 2147483647;
			files = (
			);
			inputFileListPaths = (
				"${PODS_ROOT}/Target Support Files/Pods-EurovisionRanking/Pods-EurovisionRanking-frameworks-${CONFIGURATION}-input-files.xcfilelist",
			);
			name = "[CP] Embed Pods Frameworks";
			outputFileListPaths = (
				"${PODS_ROOT}/Target Support Files/Pods-EurovisionRanking/Pods-EurovisionRanking-frameworks-${CONFIGURATION}-output-files.xcfilelist",
			);
			runOnlyForDeploymentPostprocessing = 0;
			shellPath = /bin/sh;
			shellScript = "\"${PODS_ROOT}/Target Support Files/Pods-EurovisionRanking/Pods-EurovisionRanking-frameworks.sh\"\n";
			showEnvVarsInLog = 0;
		};
		3B7C3DEDC7556E5941C54636 /* [CP] Check Pods Manifest.lock */ = {
			isa = PBXShellScriptBuildPhase;
			buildActionMask = 2147483647;
			files = (
			);
			inputFileListPaths = (
			);
			inputPaths = (
				"${PODS_PODFILE_DIR_PATH}/Podfile.lock",
				"${PODS_ROOT}/Manifest.lock",
			);
			name = "[CP] Check Pods Manifest.lock";
			outputFileListPaths = (
			);
			outputPaths = (
				"$(DERIVED_FILE_DIR)/Pods-EurovisionRanking-checkManifestLockResult.txt",
			);
			runOnlyForDeploymentPostprocessing = 0;
			shellPath = /bin/sh;
			shellScript = "diff \"${PODS_PODFILE_DIR_PATH}/Podfile.lock\" \"${PODS_ROOT}/Manifest.lock\" > /dev/null\nif [ $? != 0 ] ; then\n    # print error to STDERR\n    echo \"error: The sandbox is not in sync with the Podfile.lock. Run 'pod install' or update your CocoaPods installation.\" >&2\n    exit 1\nfi\n# This output is used by Xcode 'outputs' to avoid re-running this script phase.\necho \"SUCCESS\" > \"${SCRIPT_OUTPUT_FILE_0}\"\n";
			showEnvVarsInLog = 0;
		};
		6B5E3C913D34DA56628034CD /* [CP] Check Pods Manifest.lock */ = {
			isa = PBXShellScriptBuildPhase;
			buildActionMask = 2147483647;
			files = (
			);
			inputFileListPaths = (
			);
			inputPaths = (
				"${PODS_PODFILE_DIR_PATH}/Podfile.lock",
				"${PODS_ROOT}/Manifest.lock",
			);
			name = "[CP] Check Pods Manifest.lock";
			outputFileListPaths = (
			);
			outputPaths = (
				"$(DERIVED_FILE_DIR)/Pods-EurovisionRankingTests-checkManifestLockResult.txt",
			);
			runOnlyForDeploymentPostprocessing = 0;
			shellPath = /bin/sh;
			shellScript = "diff \"${PODS_PODFILE_DIR_PATH}/Podfile.lock\" \"${PODS_ROOT}/Manifest.lock\" > /dev/null\nif [ $? != 0 ] ; then\n    # print error to STDERR\n    echo \"error: The sandbox is not in sync with the Podfile.lock. Run 'pod install' or update your CocoaPods installation.\" >&2\n    exit 1\nfi\n# This output is used by Xcode 'outputs' to avoid re-running this script phase.\necho \"SUCCESS\" > \"${SCRIPT_OUTPUT_FILE_0}\"\n";
			showEnvVarsInLog = 0;
		};
		8E4A5E5A49DB28716BD60374 /* [CP] Embed Pods Frameworks */ = {
			isa = PBXShellScriptBuildPhase;
			buildActionMask = 2147483647;
			files = (
			);
			inputFileListPaths = (
				"${PODS_ROOT}/Target Support Files/Pods-EurovisionRankingTests/Pods-EurovisionRankingTests-frameworks-${CONFIGURATION}-input-files.xcfilelist",
			);
			name = "[CP] Embed Pods Frameworks";
			outputFileListPaths = (
				"${PODS_ROOT}/Target Support Files/Pods-EurovisionRankingTests/Pods-EurovisionRankingTests-frameworks-${CONFIGURATION}-output-files.xcfilelist",
			);
			runOnlyForDeploymentPostprocessing = 0;
			shellPath = /bin/sh;
			shellScript = "\"${PODS_ROOT}/Target Support Files/Pods-EurovisionRankingTests/Pods-EurovisionRankingTests-frameworks.sh\"\n";
			showEnvVarsInLog = 0;
		};
/* End PBXShellScriptBuildPhase section */

/* Begin PBXSourcesBuildPhase section */
		296E4E9D29ED5A3800B51CA3 /* Sources */ = {
			isa = PBXSourcesBuildPhase;
			buildActionMask = 2147483647;
			files = (
				298BC9F02A33159900B98536 /* HeartFlagView.swift in Sources */,
				299A91DE2A6FBA4600069147 /* EurovisionRankingWidget.intentdefinition in Sources */,
				296E4EB329ED680200B51CA3 /* VideoView.swift in Sources */,
				29BC3B032A45E33500568446 /* ContentLoadingView.swift in Sources */,
				29F051CE2A5C611100B8F64D /* BinarySearchButSortingAlgorithm.swift in Sources */,
				298BC9F22A3316FC00B98536 /* CountryView.swift in Sources */,
				29A02CCD2A3722A800707244 /* CardView.swift in Sources */,
				29A02CD12A37403700707244 /* Network.swift in Sources */,
				29A23F882A42F80000378536 /* ViewModel.swift in Sources */,
				296E4EB829ED71B600B51CA3 /* SongView.swift in Sources */,
				296E4EA729ED5A3800B51CA3 /* ContentView.swift in Sources */,
				296E4EA529ED5A3800B51CA3 /* EurovisionRankingApp.swift in Sources */,
				296E4EBC29EEB0E000B51CA3 /* SummaryView.swift in Sources */,
				29A02CD52A38B0EB00707244 /* CardLoadingView.swift in Sources */,
			);
			runOnlyForDeploymentPostprocessing = 0;
		};
		298BC9F32A331C1300B98536 /* Sources */ = {
			isa = PBXSourcesBuildPhase;
			buildActionMask = 2147483647;
			files = (
				298BC9FA2A331C1300B98536 /* EurovisionRankingTests.swift in Sources */,
				298BCA072A331CB500B98536 /* CountryViewSnapshotTests.swift in Sources */,
				298BCA092A33661300B98536 /* HeartFlagViewSnapshotTests.swift in Sources */,
				29A02CCF2A37381200707244 /* SongViewSnapshotTests.swift in Sources */,
			);
			runOnlyForDeploymentPostprocessing = 0;
		};
		299A91CB2A6FBA4300069147 /* Sources */ = {
			isa = PBXSourcesBuildPhase;
			buildActionMask = 2147483647;
			files = (
				299A91D62A6FBA4400069147 /* EurovisionRankingWidgetBundle.swift in Sources */,
				299A91D82A6FBA4400069147 /* EurovisionRankingWidget.swift in Sources */,
				299A91DD2A6FBA4600069147 /* EurovisionRankingWidget.intentdefinition in Sources */,
				29E7E7902A82330A00A72379 /* HeartFlagView.swift in Sources */,
			);
			runOnlyForDeploymentPostprocessing = 0;
		};
		299A91E72A6FC48E00069147 /* Sources */ = {
			isa = PBXSourcesBuildPhase;
			buildActionMask = 2147483647;
			files = (
				299A91FD2A6FC4DE00069147 /* SongModel.swift in Sources */,
			);
			runOnlyForDeploymentPostprocessing = 0;
		};
/* End PBXSourcesBuildPhase section */

/* Begin PBXTargetDependency section */
		298BC9FC2A331C1300B98536 /* PBXTargetDependency */ = {
			isa = PBXTargetDependency;
			target = 296E4EA029ED5A3800B51CA3 /* EurovisionRanking */;
			targetProxy = 298BC9FB2A331C1300B98536 /* PBXContainerItemProxy */;
		};
		299A91E02A6FBA4600069147 /* PBXTargetDependency */ = {
			isa = PBXTargetDependency;
			target = 299A91CE2A6FBA4300069147 /* EurovisionRankingWidgetExtension */;
			targetProxy = 299A91DF2A6FBA4600069147 /* PBXContainerItemProxy */;
		};
		299A91F02A6FC48E00069147 /* PBXTargetDependency */ = {
			isa = PBXTargetDependency;
			target = 299A91EA2A6FC48E00069147 /* EurovisionRankingShared */;
			targetProxy = 299A91EF2A6FC48E00069147 /* PBXContainerItemProxy */;
		};
		299A91FA2A6FC4C400069147 /* PBXTargetDependency */ = {
			isa = PBXTargetDependency;
			target = 299A91EA2A6FC48E00069147 /* EurovisionRankingShared */;
			targetProxy = 299A91F92A6FC4C400069147 /* PBXContainerItemProxy */;
		};
/* End PBXTargetDependency section */

/* Begin XCBuildConfiguration section */
		296E4EAD29ED5A3900B51CA3 /* Debug */ = {
			isa = XCBuildConfiguration;
			buildSettings = {
				ALWAYS_SEARCH_USER_PATHS = NO;
				CLANG_ANALYZER_NONNULL = YES;
				CLANG_ANALYZER_NUMBER_OBJECT_CONVERSION = YES_AGGRESSIVE;
				CLANG_CXX_LANGUAGE_STANDARD = "gnu++20";
				CLANG_ENABLE_MODULES = YES;
				CLANG_ENABLE_OBJC_ARC = YES;
				CLANG_ENABLE_OBJC_WEAK = YES;
				CLANG_WARN_BLOCK_CAPTURE_AUTORELEASING = YES;
				CLANG_WARN_BOOL_CONVERSION = YES;
				CLANG_WARN_COMMA = YES;
				CLANG_WARN_CONSTANT_CONVERSION = YES;
				CLANG_WARN_DEPRECATED_OBJC_IMPLEMENTATIONS = YES;
				CLANG_WARN_DIRECT_OBJC_ISA_USAGE = YES_ERROR;
				CLANG_WARN_DOCUMENTATION_COMMENTS = YES;
				CLANG_WARN_EMPTY_BODY = YES;
				CLANG_WARN_ENUM_CONVERSION = YES;
				CLANG_WARN_INFINITE_RECURSION = YES;
				CLANG_WARN_INT_CONVERSION = YES;
				CLANG_WARN_NON_LITERAL_NULL_CONVERSION = YES;
				CLANG_WARN_OBJC_IMPLICIT_RETAIN_SELF = YES;
				CLANG_WARN_OBJC_LITERAL_CONVERSION = YES;
				CLANG_WARN_OBJC_ROOT_CLASS = YES_ERROR;
				CLANG_WARN_QUOTED_INCLUDE_IN_FRAMEWORK_HEADER = YES;
				CLANG_WARN_RANGE_LOOP_ANALYSIS = YES;
				CLANG_WARN_STRICT_PROTOTYPES = YES;
				CLANG_WARN_SUSPICIOUS_MOVE = YES;
				CLANG_WARN_UNGUARDED_AVAILABILITY = YES_AGGRESSIVE;
				CLANG_WARN_UNREACHABLE_CODE = YES;
				CLANG_WARN__DUPLICATE_METHOD_MATCH = YES;
				COPY_PHASE_STRIP = NO;
				DEBUG_INFORMATION_FORMAT = dwarf;
				ENABLE_STRICT_OBJC_MSGSEND = YES;
				ENABLE_TESTABILITY = YES;
				GCC_C_LANGUAGE_STANDARD = gnu11;
				GCC_DYNAMIC_NO_PIC = NO;
				GCC_NO_COMMON_BLOCKS = YES;
				GCC_OPTIMIZATION_LEVEL = 0;
				GCC_PREPROCESSOR_DEFINITIONS = (
					"DEBUG=1",
					"$(inherited)",
				);
				GCC_WARN_64_TO_32_BIT_CONVERSION = YES;
				GCC_WARN_ABOUT_RETURN_TYPE = YES_ERROR;
				GCC_WARN_UNDECLARED_SELECTOR = YES;
				GCC_WARN_UNINITIALIZED_AUTOS = YES_AGGRESSIVE;
				GCC_WARN_UNUSED_FUNCTION = YES;
				GCC_WARN_UNUSED_VARIABLE = YES;
				IPHONEOS_DEPLOYMENT_TARGET = 16.2;
				MTL_ENABLE_DEBUG_INFO = INCLUDE_SOURCE;
				MTL_FAST_MATH = YES;
				ONLY_ACTIVE_ARCH = YES;
				SDKROOT = iphoneos;
				SWIFT_ACTIVE_COMPILATION_CONDITIONS = DEBUG;
				SWIFT_OPTIMIZATION_LEVEL = "-Onone";
			};
			name = Debug;
		};
		296E4EAE29ED5A3900B51CA3 /* Release */ = {
			isa = XCBuildConfiguration;
			buildSettings = {
				ALWAYS_SEARCH_USER_PATHS = NO;
				CLANG_ANALYZER_NONNULL = YES;
				CLANG_ANALYZER_NUMBER_OBJECT_CONVERSION = YES_AGGRESSIVE;
				CLANG_CXX_LANGUAGE_STANDARD = "gnu++20";
				CLANG_ENABLE_MODULES = YES;
				CLANG_ENABLE_OBJC_ARC = YES;
				CLANG_ENABLE_OBJC_WEAK = YES;
				CLANG_WARN_BLOCK_CAPTURE_AUTORELEASING = YES;
				CLANG_WARN_BOOL_CONVERSION = YES;
				CLANG_WARN_COMMA = YES;
				CLANG_WARN_CONSTANT_CONVERSION = YES;
				CLANG_WARN_DEPRECATED_OBJC_IMPLEMENTATIONS = YES;
				CLANG_WARN_DIRECT_OBJC_ISA_USAGE = YES_ERROR;
				CLANG_WARN_DOCUMENTATION_COMMENTS = YES;
				CLANG_WARN_EMPTY_BODY = YES;
				CLANG_WARN_ENUM_CONVERSION = YES;
				CLANG_WARN_INFINITE_RECURSION = YES;
				CLANG_WARN_INT_CONVERSION = YES;
				CLANG_WARN_NON_LITERAL_NULL_CONVERSION = YES;
				CLANG_WARN_OBJC_IMPLICIT_RETAIN_SELF = YES;
				CLANG_WARN_OBJC_LITERAL_CONVERSION = YES;
				CLANG_WARN_OBJC_ROOT_CLASS = YES_ERROR;
				CLANG_WARN_QUOTED_INCLUDE_IN_FRAMEWORK_HEADER = YES;
				CLANG_WARN_RANGE_LOOP_ANALYSIS = YES;
				CLANG_WARN_STRICT_PROTOTYPES = YES;
				CLANG_WARN_SUSPICIOUS_MOVE = YES;
				CLANG_WARN_UNGUARDED_AVAILABILITY = YES_AGGRESSIVE;
				CLANG_WARN_UNREACHABLE_CODE = YES;
				CLANG_WARN__DUPLICATE_METHOD_MATCH = YES;
				COPY_PHASE_STRIP = NO;
				DEBUG_INFORMATION_FORMAT = "dwarf-with-dsym";
				ENABLE_NS_ASSERTIONS = NO;
				ENABLE_STRICT_OBJC_MSGSEND = YES;
				GCC_C_LANGUAGE_STANDARD = gnu11;
				GCC_NO_COMMON_BLOCKS = YES;
				GCC_WARN_64_TO_32_BIT_CONVERSION = YES;
				GCC_WARN_ABOUT_RETURN_TYPE = YES_ERROR;
				GCC_WARN_UNDECLARED_SELECTOR = YES;
				GCC_WARN_UNINITIALIZED_AUTOS = YES_AGGRESSIVE;
				GCC_WARN_UNUSED_FUNCTION = YES;
				GCC_WARN_UNUSED_VARIABLE = YES;
				IPHONEOS_DEPLOYMENT_TARGET = 16.2;
				MTL_ENABLE_DEBUG_INFO = NO;
				MTL_FAST_MATH = YES;
				SDKROOT = iphoneos;
				SWIFT_COMPILATION_MODE = wholemodule;
				SWIFT_OPTIMIZATION_LEVEL = "-O";
				VALIDATE_PRODUCT = YES;
			};
			name = Release;
		};
		296E4EB029ED5A3900B51CA3 /* Debug */ = {
			isa = XCBuildConfiguration;
			baseConfigurationReference = F2EA1E4E1205FF7CD98A0574 /* Pods-EurovisionRanking.debug.xcconfig */;
			buildSettings = {
				ALWAYS_EMBED_SWIFT_STANDARD_LIBRARIES = YES;
				ASSETCATALOG_COMPILER_APPICON_NAME = AppIcon;
				ASSETCATALOG_COMPILER_GLOBAL_ACCENT_COLOR_NAME = AccentColor;
				CODE_SIGN_STYLE = Automatic;
				CURRENT_PROJECT_VERSION = 1;
				DEVELOPMENT_ASSET_PATHS = "\"EurovisionRanking/Preview Content\"";
				ENABLE_PREVIEWS = YES;
				GENERATE_INFOPLIST_FILE = YES;
				INFOPLIST_KEY_UIApplicationSceneManifest_Generation = YES;
				INFOPLIST_KEY_UIApplicationSupportsIndirectInputEvents = YES;
				INFOPLIST_KEY_UILaunchScreen_Generation = YES;
				INFOPLIST_KEY_UISupportedInterfaceOrientations_iPad = "UIInterfaceOrientationPortrait UIInterfaceOrientationPortraitUpsideDown UIInterfaceOrientationLandscapeLeft UIInterfaceOrientationLandscapeRight";
				INFOPLIST_KEY_UISupportedInterfaceOrientations_iPhone = "UIInterfaceOrientationPortrait UIInterfaceOrientationLandscapeLeft UIInterfaceOrientationLandscapeRight";
				LD_RUNPATH_SEARCH_PATHS = (
					"$(inherited)",
					"@executable_path/Frameworks",
				);
				MARKETING_VERSION = 1.0;
				PRODUCT_BUNDLE_IDENTIFIER = skyscanner.michal.EurovisionRanking;
				PRODUCT_NAME = "$(TARGET_NAME)";
				SUPPORTED_PLATFORMS = "iphoneos iphonesimulator";
				SUPPORTS_MACCATALYST = NO;
				SUPPORTS_MAC_DESIGNED_FOR_IPHONE_IPAD = NO;
				SWIFT_EMIT_LOC_STRINGS = YES;
				SWIFT_VERSION = 5.0;
				TARGETED_DEVICE_FAMILY = "1,2";
			};
			name = Debug;
		};
		296E4EB129ED5A3900B51CA3 /* Release */ = {
			isa = XCBuildConfiguration;
			baseConfigurationReference = 756EDBC94853F6E7351F5479 /* Pods-EurovisionRanking.release.xcconfig */;
			buildSettings = {
				ALWAYS_EMBED_SWIFT_STANDARD_LIBRARIES = YES;
				ASSETCATALOG_COMPILER_APPICON_NAME = AppIcon;
				ASSETCATALOG_COMPILER_GLOBAL_ACCENT_COLOR_NAME = AccentColor;
				CODE_SIGN_STYLE = Automatic;
				CURRENT_PROJECT_VERSION = 1;
				DEVELOPMENT_ASSET_PATHS = "\"EurovisionRanking/Preview Content\"";
				ENABLE_PREVIEWS = YES;
				GENERATE_INFOPLIST_FILE = YES;
				INFOPLIST_KEY_UIApplicationSceneManifest_Generation = YES;
				INFOPLIST_KEY_UIApplicationSupportsIndirectInputEvents = YES;
				INFOPLIST_KEY_UILaunchScreen_Generation = YES;
				INFOPLIST_KEY_UISupportedInterfaceOrientations_iPad = "UIInterfaceOrientationPortrait UIInterfaceOrientationPortraitUpsideDown UIInterfaceOrientationLandscapeLeft UIInterfaceOrientationLandscapeRight";
				INFOPLIST_KEY_UISupportedInterfaceOrientations_iPhone = "UIInterfaceOrientationPortrait UIInterfaceOrientationLandscapeLeft UIInterfaceOrientationLandscapeRight";
				LD_RUNPATH_SEARCH_PATHS = (
					"$(inherited)",
					"@executable_path/Frameworks",
				);
				MARKETING_VERSION = 1.0;
				PRODUCT_BUNDLE_IDENTIFIER = skyscanner.michal.EurovisionRanking;
				PRODUCT_NAME = "$(TARGET_NAME)";
				SUPPORTED_PLATFORMS = "iphoneos iphonesimulator";
				SUPPORTS_MACCATALYST = NO;
				SUPPORTS_MAC_DESIGNED_FOR_IPHONE_IPAD = NO;
				SWIFT_EMIT_LOC_STRINGS = YES;
				SWIFT_VERSION = 5.0;
				TARGETED_DEVICE_FAMILY = "1,2";
			};
			name = Release;
		};
		298BC9FE2A331C1300B98536 /* Debug */ = {
			isa = XCBuildConfiguration;
			baseConfigurationReference = 515597BC19C6BDC2D96EF1DC /* Pods-EurovisionRankingTests.debug.xcconfig */;
			buildSettings = {
				BUNDLE_LOADER = "$(TEST_HOST)";
				CODE_SIGN_STYLE = Automatic;
				CURRENT_PROJECT_VERSION = 1;
				GENERATE_INFOPLIST_FILE = YES;
				MARKETING_VERSION = 1.0;
				PRODUCT_BUNDLE_IDENTIFIER = skyscanner.michal.EurovisionRankingTests;
				PRODUCT_NAME = "$(TARGET_NAME)";
				SWIFT_EMIT_LOC_STRINGS = NO;
				SWIFT_VERSION = 5.0;
				TARGETED_DEVICE_FAMILY = "1,2";
				TEST_HOST = "$(BUILT_PRODUCTS_DIR)/EurovisionRanking.app/$(BUNDLE_EXECUTABLE_FOLDER_PATH)/EurovisionRanking";
			};
			name = Debug;
		};
		298BC9FF2A331C1300B98536 /* Release */ = {
			isa = XCBuildConfiguration;
			baseConfigurationReference = 220F9C917610341E78EBCFE5 /* Pods-EurovisionRankingTests.release.xcconfig */;
			buildSettings = {
				BUNDLE_LOADER = "$(TEST_HOST)";
				CODE_SIGN_STYLE = Automatic;
				CURRENT_PROJECT_VERSION = 1;
				GENERATE_INFOPLIST_FILE = YES;
				MARKETING_VERSION = 1.0;
				PRODUCT_BUNDLE_IDENTIFIER = skyscanner.michal.EurovisionRankingTests;
				PRODUCT_NAME = "$(TARGET_NAME)";
				SWIFT_EMIT_LOC_STRINGS = NO;
				SWIFT_VERSION = 5.0;
				TARGETED_DEVICE_FAMILY = "1,2";
				TEST_HOST = "$(BUILT_PRODUCTS_DIR)/EurovisionRanking.app/$(BUNDLE_EXECUTABLE_FOLDER_PATH)/EurovisionRanking";
			};
			name = Release;
		};
		299A91E32A6FBA4600069147 /* Debug */ = {
			isa = XCBuildConfiguration;
			buildSettings = {
				ASSETCATALOG_COMPILER_GLOBAL_ACCENT_COLOR_NAME = AccentColor;
				ASSETCATALOG_COMPILER_WIDGET_BACKGROUND_COLOR_NAME = WidgetBackground;
				CODE_SIGN_ENTITLEMENTS = EurovisionRankingWidgetExtension.entitlements;
				CODE_SIGN_STYLE = Automatic;
				CURRENT_PROJECT_VERSION = 1;
				GENERATE_INFOPLIST_FILE = YES;
				INFOPLIST_FILE = EurovisionRankingWidget/Info.plist;
				INFOPLIST_KEY_CFBundleDisplayName = EurovisionRankingWidget;
				INFOPLIST_KEY_NSHumanReadableCopyright = "";
				LD_RUNPATH_SEARCH_PATHS = (
					"$(inherited)",
					"@executable_path/Frameworks",
					"@executable_path/../../Frameworks",
				);
				MARKETING_VERSION = 1.0;
				PRODUCT_BUNDLE_IDENTIFIER = skyscanner.michal.EurovisionRanking.EurovisionRankingWidget;
				PRODUCT_NAME = "$(TARGET_NAME)";
				SKIP_INSTALL = YES;
				SUPPORTS_MACCATALYST = YES;
				SWIFT_EMIT_LOC_STRINGS = YES;
				SWIFT_VERSION = 5.0;
				TARGETED_DEVICE_FAMILY = "1,2";
			};
			name = Debug;
		};
		299A91E42A6FBA4600069147 /* Release */ = {
			isa = XCBuildConfiguration;
			buildSettings = {
				ASSETCATALOG_COMPILER_GLOBAL_ACCENT_COLOR_NAME = AccentColor;
				ASSETCATALOG_COMPILER_WIDGET_BACKGROUND_COLOR_NAME = WidgetBackground;
				CODE_SIGN_ENTITLEMENTS = EurovisionRankingWidgetExtension.entitlements;
				CODE_SIGN_STYLE = Automatic;
				CURRENT_PROJECT_VERSION = 1;
				GENERATE_INFOPLIST_FILE = YES;
				INFOPLIST_FILE = EurovisionRankingWidget/Info.plist;
				INFOPLIST_KEY_CFBundleDisplayName = EurovisionRankingWidget;
				INFOPLIST_KEY_NSHumanReadableCopyright = "";
				LD_RUNPATH_SEARCH_PATHS = (
					"$(inherited)",
					"@executable_path/Frameworks",
					"@executable_path/../../Frameworks",
				);
				MARKETING_VERSION = 1.0;
				PRODUCT_BUNDLE_IDENTIFIER = skyscanner.michal.EurovisionRanking.EurovisionRankingWidget;
				PRODUCT_NAME = "$(TARGET_NAME)";
				SKIP_INSTALL = YES;
				SUPPORTS_MACCATALYST = YES;
				SWIFT_EMIT_LOC_STRINGS = YES;
				SWIFT_VERSION = 5.0;
				TARGETED_DEVICE_FAMILY = "1,2";
			};
			name = Release;
		};
		299A91F42A6FC48F00069147 /* Debug */ = {
			isa = XCBuildConfiguration;
			buildSettings = {
				CLANG_ENABLE_MODULES = YES;
				CODE_SIGN_STYLE = Automatic;
				CURRENT_PROJECT_VERSION = 1;
				DEFINES_MODULE = YES;
				DYLIB_COMPATIBILITY_VERSION = 1;
				DYLIB_CURRENT_VERSION = 1;
				DYLIB_INSTALL_NAME_BASE = "@rpath";
				GENERATE_INFOPLIST_FILE = YES;
				INFOPLIST_KEY_NSHumanReadableCopyright = "";
				INSTALL_PATH = "$(LOCAL_LIBRARY_DIR)/Frameworks";
				LD_RUNPATH_SEARCH_PATHS = (
					"$(inherited)",
					"@executable_path/Frameworks",
					"@loader_path/Frameworks",
				);
				MARKETING_VERSION = 1.0;
				PRODUCT_BUNDLE_IDENTIFIER = learning.EurovisionRankingShared;
				PRODUCT_NAME = "$(TARGET_NAME:c99extidentifier)";
				SKIP_INSTALL = YES;
				SWIFT_EMIT_LOC_STRINGS = YES;
				SWIFT_OPTIMIZATION_LEVEL = "-Onone";
				SWIFT_VERSION = 5.0;
				TARGETED_DEVICE_FAMILY = "1,2";
				VERSIONING_SYSTEM = "apple-generic";
				VERSION_INFO_PREFIX = "";
			};
			name = Debug;
		};
		299A91F52A6FC48F00069147 /* Release */ = {
			isa = XCBuildConfiguration;
			buildSettings = {
				CLANG_ENABLE_MODULES = YES;
				CODE_SIGN_STYLE = Automatic;
				CURRENT_PROJECT_VERSION = 1;
				DEFINES_MODULE = YES;
				DYLIB_COMPATIBILITY_VERSION = 1;
				DYLIB_CURRENT_VERSION = 1;
				DYLIB_INSTALL_NAME_BASE = "@rpath";
				GENERATE_INFOPLIST_FILE = YES;
				INFOPLIST_KEY_NSHumanReadableCopyright = "";
				INSTALL_PATH = "$(LOCAL_LIBRARY_DIR)/Frameworks";
				LD_RUNPATH_SEARCH_PATHS = (
					"$(inherited)",
					"@executable_path/Frameworks",
					"@loader_path/Frameworks",
				);
				MARKETING_VERSION = 1.0;
				PRODUCT_BUNDLE_IDENTIFIER = learning.EurovisionRankingShared;
				PRODUCT_NAME = "$(TARGET_NAME:c99extidentifier)";
				SKIP_INSTALL = YES;
				SWIFT_EMIT_LOC_STRINGS = YES;
				SWIFT_VERSION = 5.0;
				TARGETED_DEVICE_FAMILY = "1,2";
				VERSIONING_SYSTEM = "apple-generic";
				VERSION_INFO_PREFIX = "";
			};
			name = Release;
		};
/* End XCBuildConfiguration section */

/* Begin XCConfigurationList section */
		296E4E9C29ED5A3800B51CA3 /* Build configuration list for PBXProject "EurovisionRanking" */ = {
			isa = XCConfigurationList;
			buildConfigurations = (
				296E4EAD29ED5A3900B51CA3 /* Debug */,
				296E4EAE29ED5A3900B51CA3 /* Release */,
			);
			defaultConfigurationIsVisible = 0;
			defaultConfigurationName = Release;
		};
		296E4EAF29ED5A3900B51CA3 /* Build configuration list for PBXNativeTarget "EurovisionRanking" */ = {
			isa = XCConfigurationList;
			buildConfigurations = (
				296E4EB029ED5A3900B51CA3 /* Debug */,
				296E4EB129ED5A3900B51CA3 /* Release */,
			);
			defaultConfigurationIsVisible = 0;
			defaultConfigurationName = Release;
		};
		298BC9FD2A331C1300B98536 /* Build configuration list for PBXNativeTarget "EurovisionRankingTests" */ = {
			isa = XCConfigurationList;
			buildConfigurations = (
				298BC9FE2A331C1300B98536 /* Debug */,
				298BC9FF2A331C1300B98536 /* Release */,
			);
			defaultConfigurationIsVisible = 0;
			defaultConfigurationName = Release;
		};
		299A91E52A6FBA4600069147 /* Build configuration list for PBXNativeTarget "EurovisionRankingWidgetExtension" */ = {
			isa = XCConfigurationList;
			buildConfigurations = (
				299A91E32A6FBA4600069147 /* Debug */,
				299A91E42A6FBA4600069147 /* Release */,
			);
			defaultConfigurationIsVisible = 0;
			defaultConfigurationName = Release;
		};
		299A91F32A6FC48F00069147 /* Build configuration list for PBXNativeTarget "EurovisionRankingShared" */ = {
			isa = XCConfigurationList;
			buildConfigurations = (
				299A91F42A6FC48F00069147 /* Debug */,
				299A91F52A6FC48F00069147 /* Release */,
			);
			defaultConfigurationIsVisible = 0;
			defaultConfigurationName = Release;
		};
/* End XCConfigurationList section */
	};
	rootObject = 296E4E9929ED5A3800B51CA3 /* Project object */;
}
